
Microsoft Visual Studio Solution File, Format Version 12.00
# Visual Studio Version 17
VisualStudioVersion = 17.13.35806.99 d17.13
MinimumVisualStudioVersion = 10.0.40219.1
Project("{FAE04EC0-301F-11D3-BF4B-00C04F79EFBC}") = "SalesCet97.Web", "SalesCet97.Web\SalesCet97.Web.csproj", "{E08FD177-6663-4818-BA24-91F8825A69D0}"
EndProject
Global
	GlobalSection(SolutionConfigurationPlatforms) = preSolution
		Debug|Any CPU = Debug|Any CPU
		Release|Any CPU = Release|Any CPU
	EndGlobalSection
	GlobalSection(ProjectConfigurationPlatforms) = postSolution
		{E08FD177-6663-4818-BA24-91F8825A69D0}.Debug|Any CPU.ActiveCfg = Debug|Any CPU
		{E08FD177-6663-4818-BA24-91F8825A69D0}.Debug|Any CPU.Build.0 = Debug|Any CPU
		{E08FD177-6663-4818-BA24-91F8825A69D0}.Release|Any CPU.ActiveCfg = Release|Any CPU
		{E08FD177-6663-4818-BA24-91F8825A69D0}.Release|Any CPU.Build.0 = Release|Any CPU
	EndGlobalSection
	GlobalSection(SolutionProperties) = preSolution
		HideSolutionNode = FALSE
	EndGlobalSection
	GlobalSection(ExtensibilityGlobals) = postSolution
		SolutionGuid = {501A03B8-47EC-4B6D-8FB0-79ECCCDE9BFD}
	EndGlobalSection
EndGlobal
